
Microsoft Visual Studio Solution File, Format Version 12.00
# Visual Studio Version 16
VisualStudioVersion = 16.0.31911.196
MinimumVisualStudioVersion = 10.0.40219.1
Project("{FAE04EC0-301F-11D3-BF4B-00C04F79EFBC}") = "ASE-UI", "ASE-UI\ASE-UI.csproj", "{5AB341BE-27CB-4CFB-BBE9-E48F8F0679EE}"
EndProject
Global
	GlobalSection(SolutionConfigurationPlatforms) = preSolution
		Debug|Any CPU = Debug|Any CPU
		Release|Any CPU = Release|Any CPU
	EndGlobalSection
	GlobalSection(ProjectConfigurationPlatforms) = postSolution
		{5AB341BE-27CB-4CFB-BBE9-E48F8F0679EE}.Debug|Any CPU.ActiveCfg = Debug|Any CPU
		{5AB341BE-27CB-4CFB-BBE9-E48F8F0679EE}.Debug|Any CPU.Build.0 = Debug|Any CPU
		{5AB341BE-27CB-4CFB-BBE9-E48F8F0679EE}.Release|Any CPU.ActiveCfg = Release|Any CPU
		{5AB341BE-27CB-4CFB-BBE9-E48F8F0679EE}.Release|Any CPU.Build.0 = Release|Any CPU
	EndGlobalSection
	GlobalSection(SolutionProperties) = preSolution
		HideSolutionNode = FALSE
	EndGlobalSection
	GlobalSection(ExtensibilityGlobals) = postSolution
		SolutionGuid = {01A825D9-A30E-4D88-94D9-35F3B05E1B56}
	EndGlobalSection
EndGlobal
